
Microsoft Visual Studio Solution File, Format Version 12.00
# Visual Studio 15
VisualStudioVersion = 15.0.28307.271
MinimumVisualStudioVersion = 10.0.40219.1
Project("{FAE04EC0-301F-11D3-BF4B-00C04F79EFBC}") = "CardioanalisiLibrary", "CardioanalisiLibrary\CardioanalisiLibrary.csproj", "{00F7E710-A1CE-472A-948F-BDC7C814E060}"
EndProject
Global
	GlobalSection(SolutionConfigurationPlatforms) = preSolution
		Debug|Any CPU = Debug|Any CPU
		Release|Any CPU = Release|Any CPU
	EndGlobalSection
	GlobalSection(ProjectConfigurationPlatforms) = postSolution
		{00F7E710-A1CE-472A-948F-BDC7C814E060}.Debug|Any CPU.ActiveCfg = Debug|Any CPU
		{00F7E710-A1CE-472A-948F-BDC7C814E060}.Debug|Any CPU.Build.0 = Debug|Any CPU
		{00F7E710-A1CE-472A-948F-BDC7C814E060}.Release|Any CPU.ActiveCfg = Release|Any CPU
		{00F7E710-A1CE-472A-948F-BDC7C814E060}.Release|Any CPU.Build.0 = Release|Any CPU
	EndGlobalSection
	GlobalSection(SolutionProperties) = preSolution
		HideSolutionNode = FALSE
	EndGlobalSection
	GlobalSection(ExtensibilityGlobals) = postSolution
		SolutionGuid = {68C377EB-FFB2-480B-84C2-2D8586893418}
	EndGlobalSection
EndGlobal
